// !$*UTF8*$!
{
	archiveVersion = 1;
	classes = {
	};
	objectVersion = 55;
	objects = {

/* Begin PBXBuildFile section */
		425B9968274086000008FD9A /* Experience.rcproject in Sources */ = {isa = PBXBuildFile; fileRef = 425B9967274086000008FD9A /* Experience.rcproject */; };
		425B996A274086010008FD9A /* Assets.xcassets in Resources */ = {isa = PBXBuildFile; fileRef = 425B9969274086010008FD9A /* Assets.xcassets */; };
		425B996D274086010008FD9A /* Preview Assets.xcassets in Resources */ = {isa = PBXBuildFile; fileRef = 425B996C274086010008FD9A /* Preview Assets.xcassets */; };
		425B997B2740873D0008FD9A /* CustomARView+Persistence.swift in Sources */ = {isa = PBXBuildFile; fileRef = 425B99762740873D0008FD9A /* CustomARView+Persistence.swift */; };
		425B997C2740873D0008FD9A /* CustomARView.swift in Sources */ = {isa = PBXBuildFile; fileRef = 425B99772740873D0008FD9A /* CustomARView.swift */; };
		425B997D2740873D0008FD9A /* CustomARView+Gesture.swift in Sources */ = {isa = PBXBuildFile; fileRef = 425B99782740873D0008FD9A /* CustomARView+Gesture.swift */; };
		425B997E2740873D0008FD9A /* CustomARView+Session.swift in Sources */ = {isa = PBXBuildFile; fileRef = 425B99792740873D0008FD9A /* CustomARView+Session.swift */; };
		425B997F2740873D0008FD9A /* CustomARView+Render.swift in Sources */ = {isa = PBXBuildFile; fileRef = 425B997A2740873D0008FD9A /* CustomARView+Render.swift */; };
		425B99852740874D0008FD9A /* SaveLoadState.swift in Sources */ = {isa = PBXBuildFile; fileRef = 425B99802740874C0008FD9A /* SaveLoadState.swift */; };
		425B99862740874D0008FD9A /* AssetModel.swift in Sources */ = {isa = PBXBuildFile; fileRef = 425B99812740874C0008FD9A /* AssetModel.swift */; };
		425B99872740874D0008FD9A /* ARState.swift in Sources */ = {isa = PBXBuildFile; fileRef = 425B99822740874C0008FD9A /* ARState.swift */; };
		425B99892740874D0008FD9A /* ButtonState.swift in Sources */ = {isa = PBXBuildFile; fileRef = 425B99842740874D0008FD9A /* ButtonState.swift */; };
		425B99912740875B0008FD9A /* MainUI.swift in Sources */ = {isa = PBXBuildFile; fileRef = 425B998A2740875A0008FD9A /* MainUI.swift */; };
		425B99922740875B0008FD9A /* SaveLoadButton.swift in Sources */ = {isa = PBXBuildFile; fileRef = 425B998B2740875A0008FD9A /* SaveLoadButton.swift */; };
		425B99932740875B0008FD9A /* SnapshotThumbnail.swift in Sources */ = {isa = PBXBuildFile; fileRef = 425B998C2740875B0008FD9A /* SnapshotThumbnail.swift */; };
		425B99942740875B0008FD9A /* ContentView.swift in Sources */ = {isa = PBXBuildFile; fileRef = 425B998D2740875B0008FD9A /* ContentView.swift */; };
		425B99952740875B0008FD9A /* SessionInfo.swift in Sources */ = {isa = PBXBuildFile; fileRef = 425B998E2740875B0008FD9A /* SessionInfo.swift */; };
		425B99962740875B0008FD9A /* MappingStatusView.swift in Sources */ = {isa = PBXBuildFile; fileRef = 425B998F2740875B0008FD9A /* MappingStatusView.swift */; };
		425B99972740875B0008FD9A /* AppDelegate.swift in Sources */ = {isa = PBXBuildFile; fileRef = 425B99902740875B0008FD9A /* AppDelegate.swift */; };
		425B9999274087B60008FD9A /* MenuView.swift in Sources */ = {isa = PBXBuildFile; fileRef = 425B9998274087B60008FD9A /* MenuView.swift */; };
		425B999C274088D10008FD9A /* Extensions.swift in Sources */ = {isa = PBXBuildFile; fileRef = 425B999A274088D00008FD9A /* Extensions.swift */; };
		425B999D274088D10008FD9A /* SnapshotAnchor.swift in Sources */ = {isa = PBXBuildFile; fileRef = 425B999B274088D10008FD9A /* SnapshotAnchor.swift */; };
		425B999F274089530008FD9A /* teapot.usdz in Resources */ = {isa = PBXBuildFile; fileRef = 425B999E274089530008FD9A /* teapot.usdz */; };
		428CE4B727410E750042EAE9 /* arrow.usdz in Resources */ = {isa = PBXBuildFile; fileRef = 428CE4B627410E750042EAE9 /* arrow.usdz */; };
		428CE4BB274148F10042EAE9 /* arrow_3.usdz in Resources */ = {isa = PBXBuildFile; fileRef = 428CE4BA274148F10042EAE9 /* arrow_3.usdz */; };
		428CE4BF2741550D0042EAE9 /* Target.rcproject in Sources */ = {isa = PBXBuildFile; fileRef = 428CE4BE2741550D0042EAE9 /* Target.rcproject */; };
		428CE4C327415A2E0042EAE9 /* target.usdz in Resources */ = {isa = PBXBuildFile; fileRef = 428CE4C227415A2E0042EAE9 /* target.usdz */; };

		891837882741607B0060C8C0 /* ClipApp.swift in Sources */ = {isa = PBXBuildFile; fileRef = 891837872741607B0060C8C0 /* ClipApp.swift */; };
		8918378A2741607B0060C8C0 /* ContentView.swift in Sources */ = {isa = PBXBuildFile; fileRef = 891837892741607B0060C8C0 /* ContentView.swift */; };
		8918378C2741607B0060C8C0 /* Assets.xcassets in Resources */ = {isa = PBXBuildFile; fileRef = 8918378B2741607B0060C8C0 /* Assets.xcassets */; };
		8918378F2741607B0060C8C0 /* Preview Assets.xcassets in Resources */ = {isa = PBXBuildFile; fileRef = 8918378E2741607B0060C8C0 /* Preview Assets.xcassets */; };
		891837942741607B0060C8C0 /* Clip.app in Embed App Clips */ = {isa = PBXBuildFile; fileRef = 891837852741607B0060C8C0 /* Clip.app */; settings = {ATTRIBUTES = (RemoveHeadersOnCopy, ); }; };
/* End PBXBuildFile section */

/* Begin PBXContainerItemProxy section */
		891837922741607B0060C8C0 /* PBXContainerItemProxy */ = {
			isa = PBXContainerItemProxy;
			containerPortal = 425B9958274086000008FD9A /* Project object */;
			proxyType = 1;
			remoteGlobalIDString = 891837842741607B0060C8C0;
			remoteInfo = Clip;
		};
/* End PBXContainerItemProxy section */

/* Begin PBXCopyFilesBuildPhase section */
		891837982741607B0060C8C0 /* Embed App Clips */ = {
			isa = PBXCopyFilesBuildPhase;
			buildActionMask = 2147483647;
			dstPath = "$(CONTENTS_FOLDER_PATH)/AppClips";
			dstSubfolderSpec = 16;
			files = (
				891837942741607B0060C8C0 /* Clip.app in Embed App Clips */,
			);
			name = "Embed App Clips";
			runOnlyForDeploymentPostprocessing = 0;
		};
/* End PBXCopyFilesBuildPhase section */

/* Begin PBXFileReference section */
		425B9960274086000008FD9A /* UTD-Class-Finder.app */ = {isa = PBXFileReference; explicitFileType = wrapper.application; includeInIndex = 0; path = "UTD-Class-Finder.app"; sourceTree = BUILT_PRODUCTS_DIR; };
		425B9967274086000008FD9A /* Experience.rcproject */ = {isa = PBXFileReference; lastKnownFileType = file.rcproject; path = Experience.rcproject; sourceTree = "<group>"; };
		425B9969274086010008FD9A /* Assets.xcassets */ = {isa = PBXFileReference; lastKnownFileType = folder.assetcatalog; path = Assets.xcassets; sourceTree = "<group>"; };
		425B996C274086010008FD9A /* Preview Assets.xcassets */ = {isa = PBXFileReference; lastKnownFileType = folder.assetcatalog; path = "Preview Assets.xcassets"; sourceTree = "<group>"; };
		425B99762740873D0008FD9A /* CustomARView+Persistence.swift */ = {isa = PBXFileReference; fileEncoding = 4; lastKnownFileType = sourcecode.swift; path = "CustomARView+Persistence.swift"; sourceTree = "<group>"; };
		425B99772740873D0008FD9A /* CustomARView.swift */ = {isa = PBXFileReference; fileEncoding = 4; lastKnownFileType = sourcecode.swift; path = CustomARView.swift; sourceTree = "<group>"; };
		425B99782740873D0008FD9A /* CustomARView+Gesture.swift */ = {isa = PBXFileReference; fileEncoding = 4; lastKnownFileType = sourcecode.swift; path = "CustomARView+Gesture.swift"; sourceTree = "<group>"; };
		425B99792740873D0008FD9A /* CustomARView+Session.swift */ = {isa = PBXFileReference; fileEncoding = 4; lastKnownFileType = sourcecode.swift; path = "CustomARView+Session.swift"; sourceTree = "<group>"; };
		425B997A2740873D0008FD9A /* CustomARView+Render.swift */ = {isa = PBXFileReference; fileEncoding = 4; lastKnownFileType = sourcecode.swift; path = "CustomARView+Render.swift"; sourceTree = "<group>"; };
		425B99802740874C0008FD9A /* SaveLoadState.swift */ = {isa = PBXFileReference; fileEncoding = 4; lastKnownFileType = sourcecode.swift; path = SaveLoadState.swift; sourceTree = "<group>"; };
		425B99812740874C0008FD9A /* AssetModel.swift */ = {isa = PBXFileReference; fileEncoding = 4; lastKnownFileType = sourcecode.swift; path = AssetModel.swift; sourceTree = "<group>"; };
		425B99822740874C0008FD9A /* ARState.swift */ = {isa = PBXFileReference; fileEncoding = 4; lastKnownFileType = sourcecode.swift; path = ARState.swift; sourceTree = "<group>"; };
		425B99842740874D0008FD9A /* ButtonState.swift */ = {isa = PBXFileReference; fileEncoding = 4; lastKnownFileType = sourcecode.swift; path = ButtonState.swift; sourceTree = "<group>"; };
		425B998A2740875A0008FD9A /* MainUI.swift */ = {isa = PBXFileReference; fileEncoding = 4; lastKnownFileType = sourcecode.swift; path = MainUI.swift; sourceTree = "<group>"; };
		425B998B2740875A0008FD9A /* SaveLoadButton.swift */ = {isa = PBXFileReference; fileEncoding = 4; lastKnownFileType = sourcecode.swift; path = SaveLoadButton.swift; sourceTree = "<group>"; };
		425B998C2740875B0008FD9A /* SnapshotThumbnail.swift */ = {isa = PBXFileReference; fileEncoding = 4; lastKnownFileType = sourcecode.swift; path = SnapshotThumbnail.swift; sourceTree = "<group>"; };
		425B998D2740875B0008FD9A /* ContentView.swift */ = {isa = PBXFileReference; fileEncoding = 4; lastKnownFileType = sourcecode.swift; path = ContentView.swift; sourceTree = "<group>"; };
		425B998E2740875B0008FD9A /* SessionInfo.swift */ = {isa = PBXFileReference; fileEncoding = 4; lastKnownFileType = sourcecode.swift; path = SessionInfo.swift; sourceTree = "<group>"; };
		425B998F2740875B0008FD9A /* MappingStatusView.swift */ = {isa = PBXFileReference; fileEncoding = 4; lastKnownFileType = sourcecode.swift; path = MappingStatusView.swift; sourceTree = "<group>"; };
		425B99902740875B0008FD9A /* AppDelegate.swift */ = {isa = PBXFileReference; fileEncoding = 4; lastKnownFileType = sourcecode.swift; name = AppDelegate.swift; path = Views/AppDelegate.swift; sourceTree = "<group>"; };
		425B9998274087B60008FD9A /* MenuView.swift */ = {isa = PBXFileReference; lastKnownFileType = sourcecode.swift; path = MenuView.swift; sourceTree = "<group>"; };
		425B999A274088D00008FD9A /* Extensions.swift */ = {isa = PBXFileReference; fileEncoding = 4; lastKnownFileType = sourcecode.swift; path = Extensions.swift; sourceTree = "<group>"; };
		425B999B274088D10008FD9A /* SnapshotAnchor.swift */ = {isa = PBXFileReference; fileEncoding = 4; lastKnownFileType = sourcecode.swift; path = SnapshotAnchor.swift; sourceTree = "<group>"; };
		425B999E274089530008FD9A /* teapot.usdz */ = {isa = PBXFileReference; lastKnownFileType = file.usdz; path = teapot.usdz; sourceTree = "<group>"; };
		428CE4B627410E750042EAE9 /* arrow.usdz */ = {isa = PBXFileReference; lastKnownFileType = file.usdz; path = arrow.usdz; sourceTree = "<group>"; };
		428CE4BA274148F10042EAE9 /* arrow_3.usdz */ = {isa = PBXFileReference; lastKnownFileType = file.usdz; path = arrow_3.usdz; sourceTree = "<group>"; };
		428CE4BE2741550D0042EAE9 /* Target.rcproject */ = {isa = PBXFileReference; lastKnownFileType = file.rcproject; path = Target.rcproject; sourceTree = "<group>"; };
		428CE4C227415A2E0042EAE9 /* target.usdz */ = {isa = PBXFileReference; lastKnownFileType = file.usdz; path = target.usdz; sourceTree = "<group>"; };
		891837852741607B0060C8C0 /* Clip.app */ = {isa = PBXFileReference; explicitFileType = wrapper.application; includeInIndex = 0; path = Clip.app; sourceTree = BUILT_PRODUCTS_DIR; };
		891837872741607B0060C8C0 /* ClipApp.swift */ = {isa = PBXFileReference; lastKnownFileType = sourcecode.swift; path = ClipApp.swift; sourceTree = "<group>"; };
		891837892741607B0060C8C0 /* ContentView.swift */ = {isa = PBXFileReference; lastKnownFileType = sourcecode.swift; path = ContentView.swift; sourceTree = "<group>"; };
		8918378B2741607B0060C8C0 /* Assets.xcassets */ = {isa = PBXFileReference; lastKnownFileType = folder.assetcatalog; path = Assets.xcassets; sourceTree = "<group>"; };
		8918378E2741607B0060C8C0 /* Preview Assets.xcassets */ = {isa = PBXFileReference; lastKnownFileType = folder.assetcatalog; path = "Preview Assets.xcassets"; sourceTree = "<group>"; };
		891837902741607B0060C8C0 /* Info.plist */ = {isa = PBXFileReference; lastKnownFileType = text.plist.xml; path = Info.plist; sourceTree = "<group>"; };
		891837912741607B0060C8C0 /* Clip.entitlements */ = {isa = PBXFileReference; lastKnownFileType = text.plist.entitlements; path = Clip.entitlements; sourceTree = "<group>"; };
/* End PBXFileReference section */

/* Begin PBXFrameworksBuildPhase section */
		425B995D274086000008FD9A /* Frameworks */ = {
			isa = PBXFrameworksBuildPhase;
			buildActionMask = 2147483647;
			files = (
			);
			runOnlyForDeploymentPostprocessing = 0;
		};
		891837822741607B0060C8C0 /* Frameworks */ = {
			isa = PBXFrameworksBuildPhase;
			buildActionMask = 2147483647;
			files = (
			);
			runOnlyForDeploymentPostprocessing = 0;
		};
/* End PBXFrameworksBuildPhase section */

/* Begin PBXGroup section */
		425B9957274086000008FD9A = {
			isa = PBXGroup;
			children = (
				425B9962274086000008FD9A /* UTD-Class-Finder */,
				891837862741607B0060C8C0 /* Clip */,
				425B9961274086000008FD9A /* Products */,
			);
			sourceTree = "<group>";
		};
		425B9961274086000008FD9A /* Products */ = {
			isa = PBXGroup;
			children = (
				425B9960274086000008FD9A /* UTD-Class-Finder.app */,
				891837852741607B0060C8C0 /* Clip.app */,
			);
			name = Products;
			sourceTree = "<group>";
		};
		425B9962274086000008FD9A /* UTD-Class-Finder */ = {
			isa = PBXGroup;
			children = (
				425B99902740875B0008FD9A /* AppDelegate.swift */,
				425B9975274087090008FD9A /* Custom ARViews  */,
				425B9974274086FF0008FD9A /* Models */,
				425B9973274086F90008FD9A /* Views */,
				425B9967274086000008FD9A /* Experience.rcproject */,
				428CE4BE2741550D0042EAE9 /* Target.rcproject */,
				425B999A274088D00008FD9A /* Extensions.swift */,
				425B999B274088D10008FD9A /* SnapshotAnchor.swift */,
				425B9969274086010008FD9A /* Assets.xcassets */,
				428CE4BA274148F10042EAE9 /* arrow_3.usdz */,
				428CE4B627410E750042EAE9 /* arrow.usdz */,
				425B999E274089530008FD9A /* teapot.usdz */,
				428CE4C227415A2E0042EAE9 /* target.usdz */,
				425B996B274086010008FD9A /* Preview Content */,
			);
			path = "UTD-Class-Finder";
			sourceTree = "<group>";
		};
		425B996B274086010008FD9A /* Preview Content */ = {
			isa = PBXGroup;
			children = (
				425B996C274086010008FD9A /* Preview Assets.xcassets */,
			);
			path = "Preview Content";
			sourceTree = "<group>";
		};
		425B9973274086F90008FD9A /* Views */ = {
			isa = PBXGroup;
			children = (
				425B9998274087B60008FD9A /* MenuView.swift */,
				425B998D2740875B0008FD9A /* ContentView.swift */,
				425B998A2740875A0008FD9A /* MainUI.swift */,
				425B998F2740875B0008FD9A /* MappingStatusView.swift */,
				425B998B2740875A0008FD9A /* SaveLoadButton.swift */,
				425B998E2740875B0008FD9A /* SessionInfo.swift */,
				425B998C2740875B0008FD9A /* SnapshotThumbnail.swift */,
			);
			path = Views;
			sourceTree = "<group>";
		};
		425B9974274086FF0008FD9A /* Models */ = {
			isa = PBXGroup;
			children = (
				425B99822740874C0008FD9A /* ARState.swift */,
				425B99812740874C0008FD9A /* AssetModel.swift */,
				425B99842740874D0008FD9A /* ButtonState.swift */,
				425B99802740874C0008FD9A /* SaveLoadState.swift */,
			);
			path = Models;
			sourceTree = "<group>";
		};
		425B9975274087090008FD9A /* Custom ARViews  */ = {
			isa = PBXGroup;
			children = (
				425B99772740873D0008FD9A /* CustomARView.swift */,
				425B99782740873D0008FD9A /* CustomARView+Gesture.swift */,
				425B99762740873D0008FD9A /* CustomARView+Persistence.swift */,
				425B997A2740873D0008FD9A /* CustomARView+Render.swift */,
				425B99792740873D0008FD9A /* CustomARView+Session.swift */,
			);
			path = "Custom ARViews ";
			sourceTree = "<group>";
		};
		891837862741607B0060C8C0 /* Clip */ = {
			isa = PBXGroup;
			children = (
				891837872741607B0060C8C0 /* ClipApp.swift */,
				891837892741607B0060C8C0 /* ContentView.swift */,
				8918378B2741607B0060C8C0 /* Assets.xcassets */,
				891837902741607B0060C8C0 /* Info.plist */,
				891837912741607B0060C8C0 /* Clip.entitlements */,
				8918378D2741607B0060C8C0 /* Preview Content */,
			);
			path = Clip;
			sourceTree = "<group>";
		};
		8918378D2741607B0060C8C0 /* Preview Content */ = {
			isa = PBXGroup;
			children = (
				8918378E2741607B0060C8C0 /* Preview Assets.xcassets */,
			);
			path = "Preview Content";
			sourceTree = "<group>";
		};
/* End PBXGroup section */

/* Begin PBXNativeTarget section */
		425B995F274086000008FD9A /* UTD-Class-Finder */ = {
			isa = PBXNativeTarget;
			buildConfigurationList = 425B9970274086010008FD9A /* Build configuration list for PBXNativeTarget "UTD-Class-Finder" */;
			buildPhases = (
				425B995C274086000008FD9A /* Sources */,
				425B995D274086000008FD9A /* Frameworks */,
				425B995E274086000008FD9A /* Resources */,
				891837982741607B0060C8C0 /* Embed App Clips */,
			);
			buildRules = (
			);
			dependencies = (
				891837932741607B0060C8C0 /* PBXTargetDependency */,
			);
			name = "UTD-Class-Finder";
			productName = "UTD-Class-Finder";
			productReference = 425B9960274086000008FD9A /* UTD-Class-Finder.app */;
			productType = "com.apple.product-type.application";
		};
		891837842741607B0060C8C0 /* Clip */ = {
			isa = PBXNativeTarget;
			buildConfigurationList = 891837952741607B0060C8C0 /* Build configuration list for PBXNativeTarget "Clip" */;
			buildPhases = (
				891837812741607B0060C8C0 /* Sources */,
				891837822741607B0060C8C0 /* Frameworks */,
				891837832741607B0060C8C0 /* Resources */,
			);
			buildRules = (
			);
			dependencies = (
			);
			name = Clip;
			productName = Clip;
			productReference = 891837852741607B0060C8C0 /* Clip.app */;
			productType = "com.apple.product-type.application.on-demand-install-capable";
		};
/* End PBXNativeTarget section */

/* Begin PBXProject section */
		425B9958274086000008FD9A /* Project object */ = {
			isa = PBXProject;
			attributes = {
				BuildIndependentTargetsInParallel = 1;
				LastSwiftUpdateCheck = 1310;
				LastUpgradeCheck = 1310;
				TargetAttributes = {
					425B995F274086000008FD9A = {
						CreatedOnToolsVersion = 13.1;
					};
					891837842741607B0060C8C0 = {
						CreatedOnToolsVersion = 13.1;
					};
				};
			};
			buildConfigurationList = 425B995B274086000008FD9A /* Build configuration list for PBXProject "UTD-Class-Finder" */;
			compatibilityVersion = "Xcode 13.0";
			developmentRegion = en;
			hasScannedForEncodings = 0;
			knownRegions = (
				en,
				Base,
			);
			mainGroup = 425B9957274086000008FD9A;
			productRefGroup = 425B9961274086000008FD9A /* Products */;
			projectDirPath = "";
			projectRoot = "";
			targets = (
				425B995F274086000008FD9A /* UTD-Class-Finder */,
				891837842741607B0060C8C0 /* Clip */,
			);
		};
/* End PBXProject section */

/* Begin PBXResourcesBuildPhase section */
		425B995E274086000008FD9A /* Resources */ = {
			isa = PBXResourcesBuildPhase;
			buildActionMask = 2147483647;
			files = (
				425B999F274089530008FD9A /* teapot.usdz in Resources */,
				428CE4BB274148F10042EAE9 /* arrow_3.usdz in Resources */,
				425B996D274086010008FD9A /* Preview Assets.xcassets in Resources */,
				428CE4B727410E750042EAE9 /* arrow.usdz in Resources */,
				428CE4C327415A2E0042EAE9 /* target.usdz in Resources */,
				425B996A274086010008FD9A /* Assets.xcassets in Resources */,
			);
			runOnlyForDeploymentPostprocessing = 0;
		};
		891837832741607B0060C8C0 /* Resources */ = {
			isa = PBXResourcesBuildPhase;
			buildActionMask = 2147483647;
			files = (
				8918378F2741607B0060C8C0 /* Preview Assets.xcassets in Resources */,
				8918378C2741607B0060C8C0 /* Assets.xcassets in Resources */,
			);
			runOnlyForDeploymentPostprocessing = 0;
		};
/* End PBXResourcesBuildPhase section */

/* Begin PBXSourcesBuildPhase section */
		425B995C274086000008FD9A /* Sources */ = {
			isa = PBXSourcesBuildPhase;
			buildActionMask = 2147483647;
			files = (
				425B997F2740873D0008FD9A /* CustomARView+Render.swift in Sources */,
				425B997D2740873D0008FD9A /* CustomARView+Gesture.swift in Sources */,
				425B99952740875B0008FD9A /* SessionInfo.swift in Sources */,
				425B997C2740873D0008FD9A /* CustomARView.swift in Sources */,
				425B99892740874D0008FD9A /* ButtonState.swift in Sources */,
				425B99912740875B0008FD9A /* MainUI.swift in Sources */,
				425B999D274088D10008FD9A /* SnapshotAnchor.swift in Sources */,
				425B99932740875B0008FD9A /* SnapshotThumbnail.swift in Sources */,
				425B999C274088D10008FD9A /* Extensions.swift in Sources */,
				425B9999274087B60008FD9A /* MenuView.swift in Sources */,
				425B99972740875B0008FD9A /* AppDelegate.swift in Sources */,
				425B99942740875B0008FD9A /* ContentView.swift in Sources */,
				425B99922740875B0008FD9A /* SaveLoadButton.swift in Sources */,
				425B99852740874D0008FD9A /* SaveLoadState.swift in Sources */,
				425B997B2740873D0008FD9A /* CustomARView+Persistence.swift in Sources */,
				425B99962740875B0008FD9A /* MappingStatusView.swift in Sources */,
				425B9968274086000008FD9A /* Experience.rcproject in Sources */,
				425B99872740874D0008FD9A /* ARState.swift in Sources */,
				425B99862740874D0008FD9A /* AssetModel.swift in Sources */,
				425B997E2740873D0008FD9A /* CustomARView+Session.swift in Sources */,
			);
			runOnlyForDeploymentPostprocessing = 0;
		};
		891837812741607B0060C8C0 /* Sources */ = {
			isa = PBXSourcesBuildPhase;
			buildActionMask = 2147483647;
			files = (
				8918378A2741607B0060C8C0 /* ContentView.swift in Sources */,
				891837882741607B0060C8C0 /* ClipApp.swift in Sources */,
			);
			runOnlyForDeploymentPostprocessing = 0;
		};
/* End PBXSourcesBuildPhase section */

/* Begin PBXTargetDependency section */
		891837932741607B0060C8C0 /* PBXTargetDependency */ = {
			isa = PBXTargetDependency;
			target = 891837842741607B0060C8C0 /* Clip */;
			targetProxy = 891837922741607B0060C8C0 /* PBXContainerItemProxy */;
		};
/* End PBXTargetDependency section */

/* Begin XCBuildConfiguration section */
		425B996E274086010008FD9A /* Debug */ = {
			isa = XCBuildConfiguration;
			buildSettings = {
				ALWAYS_SEARCH_USER_PATHS = NO;
				CLANG_ANALYZER_NONNULL = YES;
				CLANG_ANALYZER_NUMBER_OBJECT_CONVERSION = YES_AGGRESSIVE;
				CLANG_CXX_LANGUAGE_STANDARD = "gnu++17";
				CLANG_CXX_LIBRARY = "libc++";
				CLANG_ENABLE_MODULES = YES;
				CLANG_ENABLE_OBJC_ARC = YES;
				CLANG_ENABLE_OBJC_WEAK = YES;
				CLANG_WARN_BLOCK_CAPTURE_AUTORELEASING = YES;
				CLANG_WARN_BOOL_CONVERSION = YES;
				CLANG_WARN_COMMA = YES;
				CLANG_WARN_CONSTANT_CONVERSION = YES;
				CLANG_WARN_DEPRECATED_OBJC_IMPLEMENTATIONS = YES;
				CLANG_WARN_DIRECT_OBJC_ISA_USAGE = YES_ERROR;
				CLANG_WARN_DOCUMENTATION_COMMENTS = YES;
				CLANG_WARN_EMPTY_BODY = YES;
				CLANG_WARN_ENUM_CONVERSION = YES;
				CLANG_WARN_INFINITE_RECURSION = YES;
				CLANG_WARN_INT_CONVERSION = YES;
				CLANG_WARN_NON_LITERAL_NULL_CONVERSION = YES;
				CLANG_WARN_OBJC_IMPLICIT_RETAIN_SELF = YES;
				CLANG_WARN_OBJC_LITERAL_CONVERSION = YES;
				CLANG_WARN_OBJC_ROOT_CLASS = YES_ERROR;
				CLANG_WARN_QUOTED_INCLUDE_IN_FRAMEWORK_HEADER = YES;
				CLANG_WARN_RANGE_LOOP_ANALYSIS = YES;
				CLANG_WARN_STRICT_PROTOTYPES = YES;
				CLANG_WARN_SUSPICIOUS_MOVE = YES;
				CLANG_WARN_UNGUARDED_AVAILABILITY = YES_AGGRESSIVE;
				CLANG_WARN_UNREACHABLE_CODE = YES;
				CLANG_WARN__DUPLICATE_METHOD_MATCH = YES;
				COPY_PHASE_STRIP = NO;
				DEBUG_INFORMATION_FORMAT = dwarf;
				ENABLE_STRICT_OBJC_MSGSEND = YES;
				ENABLE_TESTABILITY = YES;
				GCC_C_LANGUAGE_STANDARD = gnu11;
				GCC_DYNAMIC_NO_PIC = NO;
				GCC_NO_COMMON_BLOCKS = YES;
				GCC_OPTIMIZATION_LEVEL = 0;
				GCC_PREPROCESSOR_DEFINITIONS = (
					"DEBUG=1",
					"$(inherited)",
				);
				GCC_WARN_64_TO_32_BIT_CONVERSION = YES;
				GCC_WARN_ABOUT_RETURN_TYPE = YES_ERROR;
				GCC_WARN_UNDECLARED_SELECTOR = YES;
				GCC_WARN_UNINITIALIZED_AUTOS = YES_AGGRESSIVE;
				GCC_WARN_UNUSED_FUNCTION = YES;
				GCC_WARN_UNUSED_VARIABLE = YES;
				IPHONEOS_DEPLOYMENT_TARGET = 15.0;
				MTL_ENABLE_DEBUG_INFO = INCLUDE_SOURCE;
				MTL_FAST_MATH = YES;
				ONLY_ACTIVE_ARCH = YES;
				SDKROOT = iphoneos;
				SWIFT_ACTIVE_COMPILATION_CONDITIONS = DEBUG;
				SWIFT_OPTIMIZATION_LEVEL = "-Onone";
			};
			name = Debug;
		};
		425B996F274086010008FD9A /* Release */ = {
			isa = XCBuildConfiguration;
			buildSettings = {
				ALWAYS_SEARCH_USER_PATHS = NO;
				CLANG_ANALYZER_NONNULL = YES;
				CLANG_ANALYZER_NUMBER_OBJECT_CONVERSION = YES_AGGRESSIVE;
				CLANG_CXX_LANGUAGE_STANDARD = "gnu++17";
				CLANG_CXX_LIBRARY = "libc++";
				CLANG_ENABLE_MODULES = YES;
				CLANG_ENABLE_OBJC_ARC = YES;
				CLANG_ENABLE_OBJC_WEAK = YES;
				CLANG_WARN_BLOCK_CAPTURE_AUTORELEASING = YES;
				CLANG_WARN_BOOL_CONVERSION = YES;
				CLANG_WARN_COMMA = YES;
				CLANG_WARN_CONSTANT_CONVERSION = YES;
				CLANG_WARN_DEPRECATED_OBJC_IMPLEMENTATIONS = YES;
				CLANG_WARN_DIRECT_OBJC_ISA_USAGE = YES_ERROR;
				CLANG_WARN_DOCUMENTATION_COMMENTS = YES;
				CLANG_WARN_EMPTY_BODY = YES;
				CLANG_WARN_ENUM_CONVERSION = YES;
				CLANG_WARN_INFINITE_RECURSION = YES;
				CLANG_WARN_INT_CONVERSION = YES;
				CLANG_WARN_NON_LITERAL_NULL_CONVERSION = YES;
				CLANG_WARN_OBJC_IMPLICIT_RETAIN_SELF = YES;
				CLANG_WARN_OBJC_LITERAL_CONVERSION = YES;
				CLANG_WARN_OBJC_ROOT_CLASS = YES_ERROR;
				CLANG_WARN_QUOTED_INCLUDE_IN_FRAMEWORK_HEADER = YES;
				CLANG_WARN_RANGE_LOOP_ANALYSIS = YES;
				CLANG_WARN_STRICT_PROTOTYPES = YES;
				CLANG_WARN_SUSPICIOUS_MOVE = YES;
				CLANG_WARN_UNGUARDED_AVAILABILITY = YES_AGGRESSIVE;
				CLANG_WARN_UNREACHABLE_CODE = YES;
				CLANG_WARN__DUPLICATE_METHOD_MATCH = YES;
				COPY_PHASE_STRIP = NO;
				DEBUG_INFORMATION_FORMAT = "dwarf-with-dsym";
				ENABLE_NS_ASSERTIONS = NO;
				ENABLE_STRICT_OBJC_MSGSEND = YES;
				GCC_C_LANGUAGE_STANDARD = gnu11;
				GCC_NO_COMMON_BLOCKS = YES;
				GCC_WARN_64_TO_32_BIT_CONVERSION = YES;
				GCC_WARN_ABOUT_RETURN_TYPE = YES_ERROR;
				GCC_WARN_UNDECLARED_SELECTOR = YES;
				GCC_WARN_UNINITIALIZED_AUTOS = YES_AGGRESSIVE;
				GCC_WARN_UNUSED_FUNCTION = YES;
				GCC_WARN_UNUSED_VARIABLE = YES;
				IPHONEOS_DEPLOYMENT_TARGET = 15.0;
				MTL_ENABLE_DEBUG_INFO = NO;
				MTL_FAST_MATH = YES;
				SDKROOT = iphoneos;
				SWIFT_COMPILATION_MODE = wholemodule;
				SWIFT_OPTIMIZATION_LEVEL = "-O";
				VALIDATE_PRODUCT = YES;
			};
			name = Release;
		};
		425B9971274086010008FD9A /* Debug */ = {
			isa = XCBuildConfiguration;
			buildSettings = {
				ALWAYS_EMBED_SWIFT_STANDARD_LIBRARIES = YES;
				ASSETCATALOG_COMPILER_APPICON_NAME = AppIcon;
				ASSETCATALOG_COMPILER_GLOBAL_ACCENT_COLOR_NAME = AccentColor;
				CODE_SIGN_STYLE = Automatic;
				CURRENT_PROJECT_VERSION = 1;
				DEVELOPMENT_ASSET_PATHS = "\"UTD-Class-Finder/Preview Content\"";
				DEVELOPMENT_TEAM = "";
				ENABLE_PREVIEWS = YES;
				GENERATE_INFOPLIST_FILE = YES;
				INFOPLIST_KEY_NSCameraUsageDescription = "";
				INFOPLIST_KEY_UIApplicationSupportsIndirectInputEvents = YES;
				INFOPLIST_KEY_UILaunchScreen_Generation = YES;
				INFOPLIST_KEY_UIRequiredDeviceCapabilities = arkit;
				INFOPLIST_KEY_UIStatusBarHidden = YES;
				INFOPLIST_KEY_UISupportedInterfaceOrientations_iPad = "UIInterfaceOrientationPortrait UIInterfaceOrientationPortraitUpsideDown UIInterfaceOrientationLandscapeLeft UIInterfaceOrientationLandscapeRight";
				INFOPLIST_KEY_UISupportedInterfaceOrientations_iPhone = "UIInterfaceOrientationPortrait UIInterfaceOrientationLandscapeLeft UIInterfaceOrientationLandscapeRight";
				LD_RUNPATH_SEARCH_PATHS = (
					"$(inherited)",
					"@executable_path/Frameworks",
				);
				MARKETING_VERSION = 1.0;
				PRODUCT_BUNDLE_IDENTIFIER = com.ShoaibH;
				PRODUCT_NAME = "$(TARGET_NAME)";
				SWIFT_EMIT_LOC_STRINGS = YES;
				SWIFT_VERSION = 5.0;
				TARGETED_DEVICE_FAMILY = "1,2";
			};
			name = Debug;
		};
		425B9972274086010008FD9A /* Release */ = {
			isa = XCBuildConfiguration;
			buildSettings = {
				ALWAYS_EMBED_SWIFT_STANDARD_LIBRARIES = YES;
				ASSETCATALOG_COMPILER_APPICON_NAME = AppIcon;
				ASSETCATALOG_COMPILER_GLOBAL_ACCENT_COLOR_NAME = AccentColor;
				CODE_SIGN_STYLE = Automatic;
				CURRENT_PROJECT_VERSION = 1;
				DEVELOPMENT_ASSET_PATHS = "\"UTD-Class-Finder/Preview Content\"";
				DEVELOPMENT_TEAM = "";
				ENABLE_PREVIEWS = YES;
				GENERATE_INFOPLIST_FILE = YES;
				INFOPLIST_KEY_NSCameraUsageDescription = "";
				INFOPLIST_KEY_UIApplicationSupportsIndirectInputEvents = YES;
				INFOPLIST_KEY_UILaunchScreen_Generation = YES;
				INFOPLIST_KEY_UIRequiredDeviceCapabilities = arkit;
				INFOPLIST_KEY_UIStatusBarHidden = YES;
				INFOPLIST_KEY_UISupportedInterfaceOrientations_iPad = "UIInterfaceOrientationPortrait UIInterfaceOrientationPortraitUpsideDown UIInterfaceOrientationLandscapeLeft UIInterfaceOrientationLandscapeRight";
				INFOPLIST_KEY_UISupportedInterfaceOrientations_iPhone = "UIInterfaceOrientationPortrait UIInterfaceOrientationLandscapeLeft UIInterfaceOrientationLandscapeRight";
				LD_RUNPATH_SEARCH_PATHS = (
					"$(inherited)",
					"@executable_path/Frameworks",
				);
				MARKETING_VERSION = 1.0;
				PRODUCT_BUNDLE_IDENTIFIER = com.ShoaibH;
				PRODUCT_NAME = "$(TARGET_NAME)";
				SWIFT_EMIT_LOC_STRINGS = YES;
				SWIFT_VERSION = 5.0;
				TARGETED_DEVICE_FAMILY = "1,2";
			};
			name = Release;
		};
		891837962741607B0060C8C0 /* Debug */ = {
			isa = XCBuildConfiguration;
			buildSettings = {
				ASSETCATALOG_COMPILER_APPICON_NAME = AppIcon;
				ASSETCATALOG_COMPILER_GLOBAL_ACCENT_COLOR_NAME = AccentColor;
				CODE_SIGN_ENTITLEMENTS = Clip/Clip.entitlements;
				CODE_SIGN_STYLE = Automatic;
				CURRENT_PROJECT_VERSION = 1;
				DEVELOPMENT_ASSET_PATHS = "\"Clip/Preview Content\"";
				DEVELOPMENT_TEAM = 6F3A58SWMP;
				ENABLE_PREVIEWS = YES;
				GENERATE_INFOPLIST_FILE = YES;
				INFOPLIST_FILE = Clip/Info.plist;
				INFOPLIST_KEY_CFBundleDisplayName = "UTD-Class-Finder";
				INFOPLIST_KEY_UIApplicationSceneManifest_Generation = YES;
				INFOPLIST_KEY_UIApplicationSupportsIndirectInputEvents = YES;
				INFOPLIST_KEY_UILaunchScreen_Generation = YES;
				INFOPLIST_KEY_UISupportedInterfaceOrientations_iPad = "UIInterfaceOrientationPortrait UIInterfaceOrientationPortraitUpsideDown UIInterfaceOrientationLandscapeLeft UIInterfaceOrientationLandscapeRight";
				INFOPLIST_KEY_UISupportedInterfaceOrientations_iPhone = "UIInterfaceOrientationPortrait UIInterfaceOrientationLandscapeLeft UIInterfaceOrientationLandscapeRight";
				LD_RUNPATH_SEARCH_PATHS = (
					"$(inherited)",
					"@executable_path/Frameworks",
				);
				MARKETING_VERSION = 1.0;
				PRODUCT_BUNDLE_IDENTIFIER = com.ShoaibH.Clip;
				PRODUCT_NAME = "$(TARGET_NAME)";
				SWIFT_EMIT_LOC_STRINGS = YES;
				SWIFT_VERSION = 5.0;
				TARGETED_DEVICE_FAMILY = "1,2";
			};
			name = Debug;
		};
		891837972741607B0060C8C0 /* Release */ = {
			isa = XCBuildConfiguration;
			buildSettings = {
				ASSETCATALOG_COMPILER_APPICON_NAME = AppIcon;
				ASSETCATALOG_COMPILER_GLOBAL_ACCENT_COLOR_NAME = AccentColor;
				CODE_SIGN_ENTITLEMENTS = Clip/Clip.entitlements;
				CODE_SIGN_STYLE = Automatic;
				CURRENT_PROJECT_VERSION = 1;
				DEVELOPMENT_ASSET_PATHS = "\"Clip/Preview Content\"";
				DEVELOPMENT_TEAM = 6F3A58SWMP;
				ENABLE_PREVIEWS = YES;
				GENERATE_INFOPLIST_FILE = YES;
				INFOPLIST_FILE = Clip/Info.plist;
				INFOPLIST_KEY_CFBundleDisplayName = "UTD-Class-Finder";
				INFOPLIST_KEY_UIApplicationSceneManifest_Generation = YES;
				INFOPLIST_KEY_UIApplicationSupportsIndirectInputEvents = YES;
				INFOPLIST_KEY_UILaunchScreen_Generation = YES;
				INFOPLIST_KEY_UISupportedInterfaceOrientations_iPad = "UIInterfaceOrientationPortrait UIInterfaceOrientationPortraitUpsideDown UIInterfaceOrientationLandscapeLeft UIInterfaceOrientationLandscapeRight";
				INFOPLIST_KEY_UISupportedInterfaceOrientations_iPhone = "UIInterfaceOrientationPortrait UIInterfaceOrientationLandscapeLeft UIInterfaceOrientationLandscapeRight";
				LD_RUNPATH_SEARCH_PATHS = (
					"$(inherited)",
					"@executable_path/Frameworks",
				);
				MARKETING_VERSION = 1.0;
				PRODUCT_BUNDLE_IDENTIFIER = com.ShoaibH.Clip;
				PRODUCT_NAME = "$(TARGET_NAME)";
				SWIFT_EMIT_LOC_STRINGS = YES;
				SWIFT_VERSION = 5.0;
				TARGETED_DEVICE_FAMILY = "1,2";
			};
			name = Release;
		};
/* End XCBuildConfiguration section */

/* Begin XCConfigurationList section */
		425B995B274086000008FD9A /* Build configuration list for PBXProject "UTD-Class-Finder" */ = {
			isa = XCConfigurationList;
			buildConfigurations = (
				425B996E274086010008FD9A /* Debug */,
				425B996F274086010008FD9A /* Release */,
			);
			defaultConfigurationIsVisible = 0;
			defaultConfigurationName = Release;
		};
		425B9970274086010008FD9A /* Build configuration list for PBXNativeTarget "UTD-Class-Finder" */ = {
			isa = XCConfigurationList;
			buildConfigurations = (
				425B9971274086010008FD9A /* Debug */,
				425B9972274086010008FD9A /* Release */,
			);
			defaultConfigurationIsVisible = 0;
			defaultConfigurationName = Release;
		};
		891837952741607B0060C8C0 /* Build configuration list for PBXNativeTarget "Clip" */ = {
			isa = XCConfigurationList;
			buildConfigurations = (
				891837962741607B0060C8C0 /* Debug */,
				891837972741607B0060C8C0 /* Release */,
			);
			defaultConfigurationIsVisible = 0;
			defaultConfigurationName = Release;
		};
/* End XCConfigurationList section */
	};
	rootObject = 425B9958274086000008FD9A /* Project object */;
}
